
Microsoft Visual Studio Solution File, Format Version 12.00
# Visual Studio Version 17
VisualStudioVersion = 17.8.34330.188
MinimumVisualStudioVersion = 10.0.40219.1
Project("{FAE04EC0-301F-11D3-BF4B-00C04F79EFBC}") = "Farm2MarketProductService", "Farm2MarketProductService\Farm2MarketProductService.csproj", "{81F62E57-9228-45F7-A699-15BC26D78C22}"
EndProject
Global
	GlobalSection(SolutionConfigurationPlatforms) = preSolution
		Debug|Any CPU = Debug|Any CPU
		Release|Any CPU = Release|Any CPU
	EndGlobalSection
	GlobalSection(ProjectConfigurationPlatforms) = postSolution
		{81F62E57-9228-45F7-A699-15BC26D78C22}.Debug|Any CPU.ActiveCfg = Debug|Any CPU
		{81F62E57-9228-45F7-A699-15BC26D78C22}.Debug|Any CPU.Build.0 = Debug|Any CPU
		{81F62E57-9228-45F7-A699-15BC26D78C22}.Release|Any CPU.ActiveCfg = Release|Any CPU
		{81F62E57-9228-45F7-A699-15BC26D78C22}.Release|Any CPU.Build.0 = Release|Any CPU
	EndGlobalSection
	GlobalSection(SolutionProperties) = preSolution
		HideSolutionNode = FALSE
	EndGlobalSection
	GlobalSection(ExtensibilityGlobals) = postSolution
		SolutionGuid = {E85CF26F-8B34-4713-9AA3-31D58DCD4866}
	EndGlobalSection
EndGlobal
